{
  "requires": true,
  "lockfileVersion": 1,
  "dependencies": {
    "node-mailer": {
      "version": "0.1.1",
      "resolved": "https://registry.npmjs.org/node-mailer/-/node-mailer-0.1.1.tgz",
      "integrity": "sha1-YJ4UqbLDRCJUCzpmk4Fj0dJCFQA=",
      "requires": {
        "nodemailer": ">= 0.1.15"
      }
    },
    "nodemailer": {
      "version": "5.1.1",
      "resolved": "https://registry.npmjs.org/nodemailer/-/nodemailer-5.1.1.tgz",
      "integrity": "sha512-hKGCoeNdFL2W7S76J/Oucbw0/qRlfG815tENdhzcqTpSjKgAN91mFOqU2lQUflRRxFM7iZvCyaFcAR9noc/CqQ=="
    }
  }
}
